
Microsoft Visual Studio Solution File, Format Version 12.00
# Visual Studio Version 17
VisualStudioVersion = 17.9.34616.47
MinimumVisualStudioVersion = 10.0.40219.1
Project("{FAE04EC0-301F-11D3-BF4B-00C04F79EFBC}") = "ReferenceService.API", "ReferenceService.API\ReferenceService.API.csproj", "{F2AD2260-8431-4BBB-B7E3-1A35D8FD213D}"
EndProject
Project("{FAE04EC0-301F-11D3-BF4B-00C04F79EFBC}") = "ReferenceService.Tests", "ReferenceService.Tests\ReferenceService.Tests.csproj", "{89D28FDA-6833-4B42-A537-14B5CB805A8E}"
EndProject
Global
	GlobalSection(SolutionConfigurationPlatforms) = preSolution
		Debug|Any CPU = Debug|Any CPU
		Release|Any CPU = Release|Any CPU
	EndGlobalSection
	GlobalSection(ProjectConfigurationPlatforms) = postSolution
		{F2AD2260-8431-4BBB-B7E3-1A35D8FD213D}.Debug|Any CPU.ActiveCfg = Debug|Any CPU
		{F2AD2260-8431-4BBB-B7E3-1A35D8FD213D}.Debug|Any CPU.Build.0 = Debug|Any CPU
		{F2AD2260-8431-4BBB-B7E3-1A35D8FD213D}.Release|Any CPU.ActiveCfg = Release|Any CPU
		{F2AD2260-8431-4BBB-B7E3-1A35D8FD213D}.Release|Any CPU.Build.0 = Release|Any CPU
		{89D28FDA-6833-4B42-A537-14B5CB805A8E}.Debug|Any CPU.ActiveCfg = Debug|Any CPU
		{89D28FDA-6833-4B42-A537-14B5CB805A8E}.Debug|Any CPU.Build.0 = Debug|Any CPU
		{89D28FDA-6833-4B42-A537-14B5CB805A8E}.Release|Any CPU.ActiveCfg = Release|Any CPU
		{89D28FDA-6833-4B42-A537-14B5CB805A8E}.Release|Any CPU.Build.0 = Release|Any CPU
	EndGlobalSection
	GlobalSection(SolutionProperties) = preSolution
		HideSolutionNode = FALSE
	EndGlobalSection
	GlobalSection(ExtensibilityGlobals) = postSolution
		SolutionGuid = {ACACAED8-7282-4438-AAFB-13AB14DBBEB9}
	EndGlobalSection
EndGlobal
